
Microsoft Visual Studio Solution File, Format Version 12.00
# Visual Studio Version 16
VisualStudioVersion = 16.0.29215.179
MinimumVisualStudioVersion = 10.0.40219.1
Project("{FAE04EC0-301F-11D3-BF4B-00C04F79EFBC}") = "MobileQuiz.Android", "MobileQuiz.Android\MobileQuiz.Android.csproj", "{3E4E6410-3BFF-412F-81E8-C06BCE0953AA}"
EndProject
Project("{9A19103F-16F7-4668-BE54-9A1E7A4F7556}") = "MobileQuiz", "MobileQuiz\MobileQuiz.csproj", "{2E96A6FD-01A4-4729-B60F-8AA384A5A8BB}"
EndProject
Project("{2150E333-8FDC-42A3-9474-1A3956D46DE8}") = "Mobile", "Mobile", "{0C9CDD27-70C2-42BF-AB03-FC05B93442F5}"
EndProject
Project("{2150E333-8FDC-42A3-9474-1A3956D46DE8}") = "Web", "Web", "{2A137F6F-A4D6-4FEE-B341-3C9EC0B48490}"
EndProject
Project("{9A19103F-16F7-4668-BE54-9A1E7A4F7556}") = "Speckoz.MobileQuiz.API", "Speckoz.MobileQuiz.API\Speckoz.MobileQuiz.API.csproj", "{B2BA2E46-B379-43D2-AB2D-3E8D332169F4}"
EndProject
Project("{2150E333-8FDC-42A3-9474-1A3956D46DE8}") = "Base", "Base", "{6D92322C-D041-45EB-992A-0EC4A7639AE8}"
EndProject
Project("{9A19103F-16F7-4668-BE54-9A1E7A4F7556}") = "Speckoz.MobileQuiz.Dependencies", "Speckoz.MobileQuiz.Dependencies\Speckoz.MobileQuiz.Dependencies.csproj", "{06E66F15-DC29-47A2-BB1B-515380E42213}"
EndProject
Global
	GlobalSection(SolutionConfigurationPlatforms) = preSolution
		Debug|Any CPU = Debug|Any CPU
		Release|Any CPU = Release|Any CPU
	EndGlobalSection
	GlobalSection(ProjectConfigurationPlatforms) = postSolution
		{3E4E6410-3BFF-412F-81E8-C06BCE0953AA}.Debug|Any CPU.ActiveCfg = Debug|Any CPU
		{3E4E6410-3BFF-412F-81E8-C06BCE0953AA}.Debug|Any CPU.Build.0 = Debug|Any CPU
		{3E4E6410-3BFF-412F-81E8-C06BCE0953AA}.Debug|Any CPU.Deploy.0 = Debug|Any CPU
		{3E4E6410-3BFF-412F-81E8-C06BCE0953AA}.Release|Any CPU.ActiveCfg = Release|Any CPU
		{3E4E6410-3BFF-412F-81E8-C06BCE0953AA}.Release|Any CPU.Build.0 = Release|Any CPU
		{3E4E6410-3BFF-412F-81E8-C06BCE0953AA}.Release|Any CPU.Deploy.0 = Release|Any CPU
		{2E96A6FD-01A4-4729-B60F-8AA384A5A8BB}.Debug|Any CPU.ActiveCfg = Debug|Any CPU
		{2E96A6FD-01A4-4729-B60F-8AA384A5A8BB}.Debug|Any CPU.Build.0 = Debug|Any CPU
		{2E96A6FD-01A4-4729-B60F-8AA384A5A8BB}.Debug|Any CPU.Deploy.0 = Debug|Any CPU
		{2E96A6FD-01A4-4729-B60F-8AA384A5A8BB}.Release|Any CPU.ActiveCfg = Release|Any CPU
		{2E96A6FD-01A4-4729-B60F-8AA384A5A8BB}.Release|Any CPU.Build.0 = Release|Any CPU
		{2E96A6FD-01A4-4729-B60F-8AA384A5A8BB}.Release|Any CPU.Deploy.0 = Release|Any CPU
		{B2BA2E46-B379-43D2-AB2D-3E8D332169F4}.Debug|Any CPU.ActiveCfg = Debug|Any CPU
		{B2BA2E46-B379-43D2-AB2D-3E8D332169F4}.Debug|Any CPU.Build.0 = Debug|Any CPU
		{B2BA2E46-B379-43D2-AB2D-3E8D332169F4}.Release|Any CPU.ActiveCfg = Release|Any CPU
		{B2BA2E46-B379-43D2-AB2D-3E8D332169F4}.Release|Any CPU.Build.0 = Release|Any CPU
		{06E66F15-DC29-47A2-BB1B-515380E42213}.Debug|Any CPU.ActiveCfg = Debug|Any CPU
		{06E66F15-DC29-47A2-BB1B-515380E42213}.Debug|Any CPU.Build.0 = Debug|Any CPU
		{06E66F15-DC29-47A2-BB1B-515380E42213}.Release|Any CPU.ActiveCfg = Release|Any CPU
		{06E66F15-DC29-47A2-BB1B-515380E42213}.Release|Any CPU.Build.0 = Release|Any CPU
	EndGlobalSection
	GlobalSection(SolutionProperties) = preSolution
		HideSolutionNode = FALSE
	EndGlobalSection
	GlobalSection(NestedProjects) = preSolution
		{3E4E6410-3BFF-412F-81E8-C06BCE0953AA} = {0C9CDD27-70C2-42BF-AB03-FC05B93442F5}
		{2E96A6FD-01A4-4729-B60F-8AA384A5A8BB} = {0C9CDD27-70C2-42BF-AB03-FC05B93442F5}
		{B2BA2E46-B379-43D2-AB2D-3E8D332169F4} = {2A137F6F-A4D6-4FEE-B341-3C9EC0B48490}
		{06E66F15-DC29-47A2-BB1B-515380E42213} = {6D92322C-D041-45EB-992A-0EC4A7639AE8}
	EndGlobalSection
	GlobalSection(ExtensibilityGlobals) = postSolution
		SolutionGuid = {04D79950-4192-4E52-A5D7-F381D25D9DE4}
	EndGlobalSection
EndGlobal
